
Microsoft Visual Studio Solution File, Format Version 12.00
# Visual Studio 15
VisualStudioVersion = 15.0.26124.0
MinimumVisualStudioVersion = 15.0.26124.0
Project("{2150E333-8FDC-42A3-9474-1A3956D46DE8}") = "src", "src", "{3F723F52-74E3-40CE-B01C-7805070E1AB7}"
EndProject
Project("{FAE04EC0-301F-11D3-BF4B-00C04F79EFBC}") = "SimpleAPI", "src\SimpleAPI\SimpleAPI.csproj", "{1891DB8F-DB10-4031-8E6D-BD0C92250362}"
EndProject
Project("{2150E333-8FDC-42A3-9474-1A3956D46DE8}") = "test", "test", "{CD2824DE-0098-415D-B97D-73E738E9FDA4}"
EndProject
Project("{FAE04EC0-301F-11D3-BF4B-00C04F79EFBC}") = "SimpleAPI.Test", "test\SimpleAPI.Test\SimpleAPI.Test.csproj", "{0DC6A5E6-EBE4-4AC7-9A91-F14DBB5079AE}"
EndProject
Global
	GlobalSection(SolutionConfigurationPlatforms) = preSolution
		Debug|Any CPU = Debug|Any CPU
		Debug|x64 = Debug|x64
		Debug|x86 = Debug|x86
		Release|Any CPU = Release|Any CPU
		Release|x64 = Release|x64
		Release|x86 = Release|x86
	EndGlobalSection
	GlobalSection(SolutionProperties) = preSolution
		HideSolutionNode = FALSE
	EndGlobalSection
	GlobalSection(ProjectConfigurationPlatforms) = postSolution
		{1891DB8F-DB10-4031-8E6D-BD0C92250362}.Debug|Any CPU.ActiveCfg = Debug|Any CPU
		{1891DB8F-DB10-4031-8E6D-BD0C92250362}.Debug|Any CPU.Build.0 = Debug|Any CPU
		{1891DB8F-DB10-4031-8E6D-BD0C92250362}.Debug|x64.ActiveCfg = Debug|Any CPU
		{1891DB8F-DB10-4031-8E6D-BD0C92250362}.Debug|x64.Build.0 = Debug|Any CPU
		{1891DB8F-DB10-4031-8E6D-BD0C92250362}.Debug|x86.ActiveCfg = Debug|Any CPU
		{1891DB8F-DB10-4031-8E6D-BD0C92250362}.Debug|x86.Build.0 = Debug|Any CPU
		{1891DB8F-DB10-4031-8E6D-BD0C92250362}.Release|Any CPU.ActiveCfg = Release|Any CPU
		{1891DB8F-DB10-4031-8E6D-BD0C92250362}.Release|Any CPU.Build.0 = Release|Any CPU
		{1891DB8F-DB10-4031-8E6D-BD0C92250362}.Release|x64.ActiveCfg = Release|Any CPU
		{1891DB8F-DB10-4031-8E6D-BD0C92250362}.Release|x64.Build.0 = Release|Any CPU
		{1891DB8F-DB10-4031-8E6D-BD0C92250362}.Release|x86.ActiveCfg = Release|Any CPU
		{1891DB8F-DB10-4031-8E6D-BD0C92250362}.Release|x86.Build.0 = Release|Any CPU
		{0DC6A5E6-EBE4-4AC7-9A91-F14DBB5079AE}.Debug|Any CPU.ActiveCfg = Debug|Any CPU
		{0DC6A5E6-EBE4-4AC7-9A91-F14DBB5079AE}.Debug|Any CPU.Build.0 = Debug|Any CPU
		{0DC6A5E6-EBE4-4AC7-9A91-F14DBB5079AE}.Debug|x64.ActiveCfg = Debug|Any CPU
		{0DC6A5E6-EBE4-4AC7-9A91-F14DBB5079AE}.Debug|x64.Build.0 = Debug|Any CPU
		{0DC6A5E6-EBE4-4AC7-9A91-F14DBB5079AE}.Debug|x86.ActiveCfg = Debug|Any CPU
		{0DC6A5E6-EBE4-4AC7-9A91-F14DBB5079AE}.Debug|x86.Build.0 = Debug|Any CPU
		{0DC6A5E6-EBE4-4AC7-9A91-F14DBB5079AE}.Release|Any CPU.ActiveCfg = Release|Any CPU
		{0DC6A5E6-EBE4-4AC7-9A91-F14DBB5079AE}.Release|Any CPU.Build.0 = Release|Any CPU
		{0DC6A5E6-EBE4-4AC7-9A91-F14DBB5079AE}.Release|x64.ActiveCfg = Release|Any CPU
		{0DC6A5E6-EBE4-4AC7-9A91-F14DBB5079AE}.Release|x64.Build.0 = Release|Any CPU
		{0DC6A5E6-EBE4-4AC7-9A91-F14DBB5079AE}.Release|x86.ActiveCfg = Release|Any CPU
		{0DC6A5E6-EBE4-4AC7-9A91-F14DBB5079AE}.Release|x86.Build.0 = Release|Any CPU
	EndGlobalSection
	GlobalSection(NestedProjects) = preSolution
		{1891DB8F-DB10-4031-8E6D-BD0C92250362} = {3F723F52-74E3-40CE-B01C-7805070E1AB7}
		{0DC6A5E6-EBE4-4AC7-9A91-F14DBB5079AE} = {CD2824DE-0098-415D-B97D-73E738E9FDA4}
	EndGlobalSection
EndGlobal
